
Microsoft Visual Studio Solution File, Format Version 12.00
# Visual Studio Version 16
VisualStudioVersion = 25.0.1705.0
MinimumVisualStudioVersion = 10.0.40219.1
Project("{FAE04EC0-301F-11D3-BF4B-00C04F79EFBC}") = "Cura", "Cura\Cura.csproj", "{B7DAC38E-E37A-44B6-8CFB-BC617FF884B2}"
EndProject
Global
	GlobalSection(SolutionConfigurationPlatforms) = preSolution
		Debug|iPhoneSimulator = Debug|iPhoneSimulator
		Release|iPhoneSimulator = Release|iPhoneSimulator
		Debug|iPhone = Debug|iPhone
		Release|iPhone = Release|iPhone
	EndGlobalSection
	GlobalSection(ProjectConfigurationPlatforms) = postSolution
		{B7DAC38E-E37A-44B6-8CFB-BC617FF884B2}.Debug|iPhoneSimulator.ActiveCfg = Debug|iPhoneSimulator
		{B7DAC38E-E37A-44B6-8CFB-BC617FF884B2}.Debug|iPhoneSimulator.Build.0 = Debug|iPhoneSimulator
		{B7DAC38E-E37A-44B6-8CFB-BC617FF884B2}.Release|iPhoneSimulator.ActiveCfg = Release|iPhoneSimulator
		{B7DAC38E-E37A-44B6-8CFB-BC617FF884B2}.Release|iPhoneSimulator.Build.0 = Release|iPhoneSimulator
		{B7DAC38E-E37A-44B6-8CFB-BC617FF884B2}.Debug|iPhone.ActiveCfg = Debug|iPhone
		{B7DAC38E-E37A-44B6-8CFB-BC617FF884B2}.Debug|iPhone.Build.0 = Debug|iPhone
		{B7DAC38E-E37A-44B6-8CFB-BC617FF884B2}.Release|iPhone.ActiveCfg = Release|iPhone
		{B7DAC38E-E37A-44B6-8CFB-BC617FF884B2}.Release|iPhone.Build.0 = Release|iPhone
	EndGlobalSection
	GlobalSection(SolutionProperties) = preSolution
		HideSolutionNode = FALSE
	EndGlobalSection
	GlobalSection(ExtensibilityGlobals) = postSolution
		SolutionGuid = {565D3960-7863-485F-A333-0106320BE48A}
	EndGlobalSection
EndGlobal
